// !$*UTF8*$!
{
	archiveVersion = 1;
	classes = {
	};
	objectVersion = 56;
	objects = {

/* Begin PBXBuildFile section */
		02247BA72C1643CE00AD3D65 /* Constants.swift in Sources */ = {isa = PBXBuildFile; fileRef = 02247BA62C1643CE00AD3D65 /* Constants.swift */; };
		02247BA82C1643CE00AD3D65 /* Constants.swift in Sources */ = {isa = PBXBuildFile; fileRef = 02247BA62C1643CE00AD3D65 /* Constants.swift */; };
		02247BAF2C164B5300AD3D65 /* MovieModel.swift in Sources */ = {isa = PBXBuildFile; fileRef = 02247BAE2C164B5300AD3D65 /* MovieModel.swift */; };
		02247BB02C164B5300AD3D65 /* MovieModel.swift in Sources */ = {isa = PBXBuildFile; fileRef = 02247BAE2C164B5300AD3D65 /* MovieModel.swift */; };
		02247BB22C164B8A00AD3D65 /* MovieViewModel.swift in Sources */ = {isa = PBXBuildFile; fileRef = 02247BB12C164B8A00AD3D65 /* MovieViewModel.swift */; };
		02247BB32C164B8A00AD3D65 /* MovieViewModel.swift in Sources */ = {isa = PBXBuildFile; fileRef = 02247BB12C164B8A00AD3D65 /* MovieViewModel.swift */; };
		02247BB52C164DAB00AD3D65 /* MovieContentView.swift in Sources */ = {isa = PBXBuildFile; fileRef = 02247BB42C164DAB00AD3D65 /* MovieContentView.swift */; };
		02247BB82C164DE000AD3D65 /* MovieContentView.swift in Sources */ = {isa = PBXBuildFile; fileRef = 02247BB42C164DAB00AD3D65 /* MovieContentView.swift */; };
		02938CC02C1640DF002BB658 /* TopMoviesApp.swift in Sources */ = {isa = PBXBuildFile; fileRef = 02938CBF2C1640DF002BB658 /* TopMoviesApp.swift */; };
		02938CC22C1640DF002BB658 /* ContentView.swift in Sources */ = {isa = PBXBuildFile; fileRef = 02938CC12C1640DF002BB658 /* ContentView.swift */; };
		02938CC42C1640E1002BB658 /* Assets.xcassets in Resources */ = {isa = PBXBuildFile; fileRef = 02938CC32C1640E1002BB658 /* Assets.xcassets */; };
		02938CC72C1640E1002BB658 /* Preview Assets.xcassets in Resources */ = {isa = PBXBuildFile; fileRef = 02938CC62C1640E1002BB658 /* Preview Assets.xcassets */; };
		02938CD12C1640E1002BB658 /* TopMoviesTests.swift in Sources */ = {isa = PBXBuildFile; fileRef = 02938CD02C1640E1002BB658 /* TopMoviesTests.swift */; };
		02938CDB2C1640E1002BB658 /* TopMoviesUITests.swift in Sources */ = {isa = PBXBuildFile; fileRef = 02938CDA2C1640E1002BB658 /* TopMoviesUITests.swift */; };
		02938CDD2C1640E1002BB658 /* TopMoviesUITestsLaunchTests.swift in Sources */ = {isa = PBXBuildFile; fileRef = 02938CDC2C1640E1002BB658 /* TopMoviesUITestsLaunchTests.swift */; };
		02B21E4B2C1757B40002C252 /* MovieContentView.swift in Sources */ = {isa = PBXBuildFile; fileRef = 02247BB42C164DAB00AD3D65 /* MovieContentView.swift */; };
		02B21E4E2C1759D40002C252 /* MoviesAPIService.swift in Sources */ = {isa = PBXBuildFile; fileRef = 02B21E4D2C1759D40002C252 /* MoviesAPIService.swift */; };
		02B21E542C176FFA0002C252 /* MovieFilterContentView.swift in Sources */ = {isa = PBXBuildFile; fileRef = 02B21E532C176FFA0002C252 /* MovieFilterContentView.swift */; };
		A8CA3B9B9EFEFA9B2F5F2B59 /* Pods_TopMoviesTests.framework in Frameworks */ = {isa = PBXBuildFile; fileRef = E96EBB0880A562276E18B9EE /* Pods_TopMoviesTests.framework */; };
		F0C5B271BA600C9898DFCB5D /* Pods_TopMovies_TopMoviesUITests.framework in Frameworks */ = {isa = PBXBuildFile; fileRef = 3C3984B1B4120F9511C385F9 /* Pods_TopMovies_TopMoviesUITests.framework */; };
		FE40F397B9C102DF967DC3C5 /* Pods_TopMovies.framework in Frameworks */ = {isa = PBXBuildFile; fileRef = 27B57AE77F59C1083C385E33 /* Pods_TopMovies.framework */; };
/* End PBXBuildFile section */

/* Begin PBXContainerItemProxy section */
		02938CCD2C1640E1002BB658 /* PBXContainerItemProxy */ = {
			isa = PBXContainerItemProxy;
			containerPortal = 02938CB42C1640DF002BB658 /* Project object */;
			proxyType = 1;
			remoteGlobalIDString = 02938CBB2C1640DF002BB658;
			remoteInfo = TopMovies;
		};
		02938CD72C1640E1002BB658 /* PBXContainerItemProxy */ = {
			isa = PBXContainerItemProxy;
			containerPortal = 02938CB42C1640DF002BB658 /* Project object */;
			proxyType = 1;
			remoteGlobalIDString = 02938CBB2C1640DF002BB658;
			remoteInfo = TopMovies;
		};
/* End PBXContainerItemProxy section */

/* Begin PBXFileReference section */
		02247BA62C1643CE00AD3D65 /* Constants.swift */ = {isa = PBXFileReference; lastKnownFileType = sourcecode.swift; path = Constants.swift; sourceTree = "<group>"; };
		02247BAE2C164B5300AD3D65 /* MovieModel.swift */ = {isa = PBXFileReference; lastKnownFileType = sourcecode.swift; path = MovieModel.swift; sourceTree = "<group>"; };
		02247BB12C164B8A00AD3D65 /* MovieViewModel.swift */ = {isa = PBXFileReference; lastKnownFileType = sourcecode.swift; path = MovieViewModel.swift; sourceTree = "<group>"; };
		02247BB42C164DAB00AD3D65 /* MovieContentView.swift */ = {isa = PBXFileReference; lastKnownFileType = sourcecode.swift; path = MovieContentView.swift; sourceTree = "<group>"; };
		02938CBC2C1640DF002BB658 /* TopMovies.app */ = {isa = PBXFileReference; explicitFileType = wrapper.application; includeInIndex = 0; path = TopMovies.app; sourceTree = BUILT_PRODUCTS_DIR; };
		02938CBF2C1640DF002BB658 /* TopMoviesApp.swift */ = {isa = PBXFileReference; lastKnownFileType = sourcecode.swift; path = TopMoviesApp.swift; sourceTree = "<group>"; };
		02938CC12C1640DF002BB658 /* ContentView.swift */ = {isa = PBXFileReference; lastKnownFileType = sourcecode.swift; path = ContentView.swift; sourceTree = "<group>"; };
		02938CC32C1640E1002BB658 /* Assets.xcassets */ = {isa = PBXFileReference; lastKnownFileType = folder.assetcatalog; path = Assets.xcassets; sourceTree = "<group>"; };
		02938CC62C1640E1002BB658 /* Preview Assets.xcassets */ = {isa = PBXFileReference; lastKnownFileType = folder.assetcatalog; path = "Preview Assets.xcassets"; sourceTree = "<group>"; };
		02938CCC2C1640E1002BB658 /* TopMoviesTests.xctest */ = {isa = PBXFileReference; explicitFileType = wrapper.cfbundle; includeInIndex = 0; path = TopMoviesTests.xctest; sourceTree = BUILT_PRODUCTS_DIR; };
		02938CD02C1640E1002BB658 /* TopMoviesTests.swift */ = {isa = PBXFileReference; lastKnownFileType = sourcecode.swift; path = TopMoviesTests.swift; sourceTree = "<group>"; };
		02938CD62C1640E1002BB658 /* TopMoviesUITests.xctest */ = {isa = PBXFileReference; explicitFileType = wrapper.cfbundle; includeInIndex = 0; path = TopMoviesUITests.xctest; sourceTree = BUILT_PRODUCTS_DIR; };
		02938CDA2C1640E1002BB658 /* TopMoviesUITests.swift */ = {isa = PBXFileReference; lastKnownFileType = sourcecode.swift; path = TopMoviesUITests.swift; sourceTree = "<group>"; };
		02938CDC2C1640E1002BB658 /* TopMoviesUITestsLaunchTests.swift */ = {isa = PBXFileReference; lastKnownFileType = sourcecode.swift; path = TopMoviesUITestsLaunchTests.swift; sourceTree = "<group>"; };
		02B21E4D2C1759D40002C252 /* MoviesAPIService.swift */ = {isa = PBXFileReference; lastKnownFileType = sourcecode.swift; path = MoviesAPIService.swift; sourceTree = "<group>"; };
		02B21E532C176FFA0002C252 /* MovieFilterContentView.swift */ = {isa = PBXFileReference; lastKnownFileType = sourcecode.swift; path = MovieFilterContentView.swift; sourceTree = "<group>"; };
		27B57AE77F59C1083C385E33 /* Pods_TopMovies.framework */ = {isa = PBXFileReference; explicitFileType = wrapper.framework; includeInIndex = 0; path = Pods_TopMovies.framework; sourceTree = BUILT_PRODUCTS_DIR; };
		3A83AC214EF597DA9E3F822D /* Pods-TopMovies.debug.xcconfig */ = {isa = PBXFileReference; includeInIndex = 1; lastKnownFileType = text.xcconfig; name = "Pods-TopMovies.debug.xcconfig"; path = "Target Support Files/Pods-TopMovies/Pods-TopMovies.debug.xcconfig"; sourceTree = "<group>"; };
		3C3984B1B4120F9511C385F9 /* Pods_TopMovies_TopMoviesUITests.framework */ = {isa = PBXFileReference; explicitFileType = wrapper.framework; includeInIndex = 0; path = Pods_TopMovies_TopMoviesUITests.framework; sourceTree = BUILT_PRODUCTS_DIR; };
		704C062919B36B185E1AE7B0 /* Pods-TopMoviesTests.release.xcconfig */ = {isa = PBXFileReference; includeInIndex = 1; lastKnownFileType = text.xcconfig; name = "Pods-TopMoviesTests.release.xcconfig"; path = "Target Support Files/Pods-TopMoviesTests/Pods-TopMoviesTests.release.xcconfig"; sourceTree = "<group>"; };
		7F30F078708739437690AA5B /* Pods-TopMovies.release.xcconfig */ = {isa = PBXFileReference; includeInIndex = 1; lastKnownFileType = text.xcconfig; name = "Pods-TopMovies.release.xcconfig"; path = "Target Support Files/Pods-TopMovies/Pods-TopMovies.release.xcconfig"; sourceTree = "<group>"; };
		DCC1D469CC1EE4211EE135A9 /* Pods-TopMovies-TopMoviesUITests.release.xcconfig */ = {isa = PBXFileReference; includeInIndex = 1; lastKnownFileType = text.xcconfig; name = "Pods-TopMovies-TopMoviesUITests.release.xcconfig"; path = "Target Support Files/Pods-TopMovies-TopMoviesUITests/Pods-TopMovies-TopMoviesUITests.release.xcconfig"; sourceTree = "<group>"; };
		E96EBB0880A562276E18B9EE /* Pods_TopMoviesTests.framework */ = {isa = PBXFileReference; explicitFileType = wrapper.framework; includeInIndex = 0; path = Pods_TopMoviesTests.framework; sourceTree = BUILT_PRODUCTS_DIR; };
		EF0FF5275C80BDE50898FAA3 /* Pods-TopMovies-TopMoviesUITests.debug.xcconfig */ = {isa = PBXFileReference; includeInIndex = 1; lastKnownFileType = text.xcconfig; name = "Pods-TopMovies-TopMoviesUITests.debug.xcconfig"; path = "Target Support Files/Pods-TopMovies-TopMoviesUITests/Pods-TopMovies-TopMoviesUITests.debug.xcconfig"; sourceTree = "<group>"; };
		EF98304995197BA08CA5CA97 /* Pods-TopMoviesTests.debug.xcconfig */ = {isa = PBXFileReference; includeInIndex = 1; lastKnownFileType = text.xcconfig; name = "Pods-TopMoviesTests.debug.xcconfig"; path = "Target Support Files/Pods-TopMoviesTests/Pods-TopMoviesTests.debug.xcconfig"; sourceTree = "<group>"; };
/* End PBXFileReference section */

/* Begin PBXFrameworksBuildPhase section */
		02938CB92C1640DF002BB658 /* Frameworks */ = {
			isa = PBXFrameworksBuildPhase;
			buildActionMask = 2147483647;
			files = (
				FE40F397B9C102DF967DC3C5 /* Pods_TopMovies.framework in Frameworks */,
			);
			runOnlyForDeploymentPostprocessing = 0;
		};
		02938CC92C1640E1002BB658 /* Frameworks */ = {
			isa = PBXFrameworksBuildPhase;
			buildActionMask = 2147483647;
			files = (
				A8CA3B9B9EFEFA9B2F5F2B59 /* Pods_TopMoviesTests.framework in Frameworks */,
			);
			runOnlyForDeploymentPostprocessing = 0;
		};
		02938CD32C1640E1002BB658 /* Frameworks */ = {
			isa = PBXFrameworksBuildPhase;
			buildActionMask = 2147483647;
			files = (
				F0C5B271BA600C9898DFCB5D /* Pods_TopMovies_TopMoviesUITests.framework in Frameworks */,
			);
			runOnlyForDeploymentPostprocessing = 0;
		};
/* End PBXFrameworksBuildPhase section */

/* Begin PBXGroup section */
		02247BA52C1643AE00AD3D65 /* Utils */ = {
			isa = PBXGroup;
			children = (
				02247BA62C1643CE00AD3D65 /* Constants.swift */,
			);
			path = Utils;
			sourceTree = "<group>";
		};
		02247BA92C164AC800AD3D65 /* Features */ = {
			isa = PBXGroup;
			children = (
				02B21E4F2C176FB40002C252 /* MovieFilter */,
				02247BAA2C164ADA00AD3D65 /* MovieList */,
			);
			path = Features;
			sourceTree = "<group>";
		};
		02247BAA2C164ADA00AD3D65 /* MovieList */ = {
			isa = PBXGroup;
			children = (
				02247BAD2C164B2100AD3D65 /* ViewModel */,
				02247BAC2C164B1A00AD3D65 /* View */,
				02247BAB2C164B1300AD3D65 /* Model */,
			);
			path = MovieList;
			sourceTree = "<group>";
		};
		02247BAB2C164B1300AD3D65 /* Model */ = {
			isa = PBXGroup;
			children = (
				02247BAE2C164B5300AD3D65 /* MovieModel.swift */,
			);
			path = Model;
			sourceTree = "<group>";
		};
		02247BAC2C164B1A00AD3D65 /* View */ = {
			isa = PBXGroup;
			children = (
				02247BB42C164DAB00AD3D65 /* MovieContentView.swift */,
			);
			path = View;
			sourceTree = "<group>";
		};
		02247BAD2C164B2100AD3D65 /* ViewModel */ = {
			isa = PBXGroup;
			children = (
				02247BB12C164B8A00AD3D65 /* MovieViewModel.swift */,
			);
			path = ViewModel;
			sourceTree = "<group>";
		};
		02938CB32C1640DF002BB658 = {
			isa = PBXGroup;
			children = (
				02938CBE2C1640DF002BB658 /* TopMovies */,
				02938CCF2C1640E1002BB658 /* TopMoviesTests */,
				02938CD92C1640E1002BB658 /* TopMoviesUITests */,
				02938CBD2C1640DF002BB658 /* Products */,
				D3EB742854171E544CE26E1E /* Pods */,
				87B54109E9B7043E869B00C3 /* Frameworks */,
			);
			sourceTree = "<group>";
		};
		02938CBD2C1640DF002BB658 /* Products */ = {
			isa = PBXGroup;
			children = (
				02938CBC2C1640DF002BB658 /* TopMovies.app */,
				02938CCC2C1640E1002BB658 /* TopMoviesTests.xctest */,
				02938CD62C1640E1002BB658 /* TopMoviesUITests.xctest */,
			);
			name = Products;
			sourceTree = "<group>";
		};
		02938CBE2C1640DF002BB658 /* TopMovies */ = {
			isa = PBXGroup;
			children = (
				02B21E4C2C1759B40002C252 /* Services */,
				02247BA92C164AC800AD3D65 /* Features */,
				02247BA52C1643AE00AD3D65 /* Utils */,
				02938CBF2C1640DF002BB658 /* TopMoviesApp.swift */,
				02938CC12C1640DF002BB658 /* ContentView.swift */,
				02938CC32C1640E1002BB658 /* Assets.xcassets */,
				02938CC52C1640E1002BB658 /* Preview Content */,
			);
			path = TopMovies;
			sourceTree = "<group>";
		};
		02938CC52C1640E1002BB658 /* Preview Content */ = {
			isa = PBXGroup;
			children = (
				02938CC62C1640E1002BB658 /* Preview Assets.xcassets */,
			);
			path = "Preview Content";
			sourceTree = "<group>";
		};
		02938CCF2C1640E1002BB658 /* TopMoviesTests */ = {
			isa = PBXGroup;
			children = (
				02938CD02C1640E1002BB658 /* TopMoviesTests.swift */,
			);
			path = TopMoviesTests;
			sourceTree = "<group>";
		};
		02938CD92C1640E1002BB658 /* TopMoviesUITests */ = {
			isa = PBXGroup;
			children = (
				02938CDA2C1640E1002BB658 /* TopMoviesUITests.swift */,
				02938CDC2C1640E1002BB658 /* TopMoviesUITestsLaunchTests.swift */,
			);
			path = TopMoviesUITests;
			sourceTree = "<group>";
		};
		02B21E4C2C1759B40002C252 /* Services */ = {
			isa = PBXGroup;
			children = (
				02B21E4D2C1759D40002C252 /* MoviesAPIService.swift */,
			);
			path = Services;
			sourceTree = "<group>";
		};
		02B21E4F2C176FB40002C252 /* MovieFilter */ = {
			isa = PBXGroup;
			children = (
				02B21E522C176FD20002C252 /* ViewModel */,
				02B21E512C176FCD0002C252 /* View */,
				02B21E502C176FC50002C252 /* Model */,
			);
			path = MovieFilter;
			sourceTree = "<group>";
		};
		02B21E502C176FC50002C252 /* Model */ = {
			isa = PBXGroup;
			children = (
			);
			path = Model;
			sourceTree = "<group>";
		};
		02B21E512C176FCD0002C252 /* View */ = {
			isa = PBXGroup;
			children = (
				02B21E532C176FFA0002C252 /* MovieFilterContentView.swift */,
			);
			path = View;
			sourceTree = "<group>";
		};
		02B21E522C176FD20002C252 /* ViewModel */ = {
			isa = PBXGroup;
			children = (
			);
			path = ViewModel;
			sourceTree = "<group>";
		};
		87B54109E9B7043E869B00C3 /* Frameworks */ = {
			isa = PBXGroup;
			children = (
				27B57AE77F59C1083C385E33 /* Pods_TopMovies.framework */,
				3C3984B1B4120F9511C385F9 /* Pods_TopMovies_TopMoviesUITests.framework */,
				E96EBB0880A562276E18B9EE /* Pods_TopMoviesTests.framework */,
			);
			name = Frameworks;
			sourceTree = "<group>";
		};
		D3EB742854171E544CE26E1E /* Pods */ = {
			isa = PBXGroup;
			children = (
				3A83AC214EF597DA9E3F822D /* Pods-TopMovies.debug.xcconfig */,
				7F30F078708739437690AA5B /* Pods-TopMovies.release.xcconfig */,
				EF0FF5275C80BDE50898FAA3 /* Pods-TopMovies-TopMoviesUITests.debug.xcconfig */,
				DCC1D469CC1EE4211EE135A9 /* Pods-TopMovies-TopMoviesUITests.release.xcconfig */,
				EF98304995197BA08CA5CA97 /* Pods-TopMoviesTests.debug.xcconfig */,
				704C062919B36B185E1AE7B0 /* Pods-TopMoviesTests.release.xcconfig */,
			);
			path = Pods;
			sourceTree = "<group>";
		};
/* End PBXGroup section */

/* Begin PBXNativeTarget section */
		02938CBB2C1640DF002BB658 /* TopMovies */ = {
			isa = PBXNativeTarget;
			buildConfigurationList = 02938CE02C1640E1002BB658 /* Build configuration list for PBXNativeTarget "TopMovies" */;
			buildPhases = (
				DE2976DD7A0C46542852CF18 /* [CP] Check Pods Manifest.lock */,
				02938CB82C1640DF002BB658 /* Sources */,
				02938CB92C1640DF002BB658 /* Frameworks */,
				02938CBA2C1640DF002BB658 /* Resources */,
				C303037C90E0D88375C2D903 /* [CP] Embed Pods Frameworks */,
			);
			buildRules = (
			);
			dependencies = (
			);
			name = TopMovies;
			productName = TopMovies;
			productReference = 02938CBC2C1640DF002BB658 /* TopMovies.app */;
			productType = "com.apple.product-type.application";
		};
		02938CCB2C1640E1002BB658 /* TopMoviesTests */ = {
			isa = PBXNativeTarget;
			buildConfigurationList = 02938CE32C1640E1002BB658 /* Build configuration list for PBXNativeTarget "TopMoviesTests" */;
			buildPhases = (
				22FD3F1307505908848A974C /* [CP] Check Pods Manifest.lock */,
				02938CC82C1640E1002BB658 /* Sources */,
				02938CC92C1640E1002BB658 /* Frameworks */,
				02938CCA2C1640E1002BB658 /* Resources */,
			);
			buildRules = (
			);
			dependencies = (
				02938CCE2C1640E1002BB658 /* PBXTargetDependency */,
			);
			name = TopMoviesTests;
			productName = TopMoviesTests;
			productReference = 02938CCC2C1640E1002BB658 /* TopMoviesTests.xctest */;
			productType = "com.apple.product-type.bundle.unit-test";
		};
		02938CD52C1640E1002BB658 /* TopMoviesUITests */ = {
			isa = PBXNativeTarget;
			buildConfigurationList = 02938CE62C1640E1002BB658 /* Build configuration list for PBXNativeTarget "TopMoviesUITests" */;
			buildPhases = (
				CF3CB9A9542D3181F9D47513 /* [CP] Check Pods Manifest.lock */,
				02938CD22C1640E1002BB658 /* Sources */,
				02938CD32C1640E1002BB658 /* Frameworks */,
				02938CD42C1640E1002BB658 /* Resources */,
				582BF14EC0394ABB8B0A60B3 /* [CP] Embed Pods Frameworks */,
			);
			buildRules = (
			);
			dependencies = (
				02938CD82C1640E1002BB658 /* PBXTargetDependency */,
			);
			name = TopMoviesUITests;
			productName = TopMoviesUITests;
			productReference = 02938CD62C1640E1002BB658 /* TopMoviesUITests.xctest */;
			productType = "com.apple.product-type.bundle.ui-testing";
		};
/* End PBXNativeTarget section */

/* Begin PBXProject section */
		02938CB42C1640DF002BB658 /* Project object */ = {
			isa = PBXProject;
			attributes = {
				BuildIndependentTargetsInParallel = 1;
				LastSwiftUpdateCheck = 1520;
				LastUpgradeCheck = 1520;
				TargetAttributes = {
					02938CBB2C1640DF002BB658 = {
						CreatedOnToolsVersion = 15.2;
					};
					02938CCB2C1640E1002BB658 = {
						CreatedOnToolsVersion = 15.2;
						TestTargetID = 02938CBB2C1640DF002BB658;
					};
					02938CD52C1640E1002BB658 = {
						CreatedOnToolsVersion = 15.2;
						TestTargetID = 02938CBB2C1640DF002BB658;
					};
				};
			};
			buildConfigurationList = 02938CB72C1640DF002BB658 /* Build configuration list for PBXProject "TopMovies" */;
			compatibilityVersion = "Xcode 14.0";
			developmentRegion = en;
			hasScannedForEncodings = 0;
			knownRegions = (
				en,
				Base,
			);
			mainGroup = 02938CB32C1640DF002BB658;
			productRefGroup = 02938CBD2C1640DF002BB658 /* Products */;
			projectDirPath = "";
			projectRoot = "";
			targets = (
				02938CBB2C1640DF002BB658 /* TopMovies */,
				02938CCB2C1640E1002BB658 /* TopMoviesTests */,
				02938CD52C1640E1002BB658 /* TopMoviesUITests */,
			);
		};
/* End PBXProject section */

/* Begin PBXResourcesBuildPhase section */
		02938CBA2C1640DF002BB658 /* Resources */ = {
			isa = PBXResourcesBuildPhase;
			buildActionMask = 2147483647;
			files = (
				02938CC72C1640E1002BB658 /* Preview Assets.xcassets in Resources */,
				02938CC42C1640E1002BB658 /* Assets.xcassets in Resources */,
			);
			runOnlyForDeploymentPostprocessing = 0;
		};
		02938CCA2C1640E1002BB658 /* Resources */ = {
			isa = PBXResourcesBuildPhase;
			buildActionMask = 2147483647;
			files = (
			);
			runOnlyForDeploymentPostprocessing = 0;
		};
		02938CD42C1640E1002BB658 /* Resources */ = {
			isa = PBXResourcesBuildPhase;
			buildActionMask = 2147483647;
			files = (
			);
			runOnlyForDeploymentPostprocessing = 0;
		};
/* End PBXResourcesBuildPhase section */

/* Begin PBXShellScriptBuildPhase section */
		22FD3F1307505908848A974C /* [CP] Check Pods Manifest.lock */ = {
			isa = PBXShellScriptBuildPhase;
			buildActionMask = 2147483647;
			files = (
			);
			inputFileListPaths = (
			);
			inputPaths = (
				"${PODS_PODFILE_DIR_PATH}/Podfile.lock",
				"${PODS_ROOT}/Manifest.lock",
			);
			name = "[CP] Check Pods Manifest.lock";
			outputFileListPaths = (
			);
			outputPaths = (
				"$(DERIVED_FILE_DIR)/Pods-TopMoviesTests-checkManifestLockResult.txt",
			);
			runOnlyForDeploymentPostprocessing = 0;
			shellPath = /bin/sh;
			shellScript = "diff \"${PODS_PODFILE_DIR_PATH}/Podfile.lock\" \"${PODS_ROOT}/Manifest.lock\" > /dev/null\nif [ $? != 0 ] ; then\n    # print error to STDERR\n    echo \"error: The sandbox is not in sync with the Podfile.lock. Run 'pod install' or update your CocoaPods installation.\" >&2\n    exit 1\nfi\n# This output is used by Xcode 'outputs' to avoid re-running this script phase.\necho \"SUCCESS\" > \"${SCRIPT_OUTPUT_FILE_0}\"\n";
			showEnvVarsInLog = 0;
		};
		582BF14EC0394ABB8B0A60B3 /* [CP] Embed Pods Frameworks */ = {
			isa = PBXShellScriptBuildPhase;
			buildActionMask = 2147483647;
			files = (
			);
			inputFileListPaths = (
				"${PODS_ROOT}/Target Support Files/Pods-TopMovies-TopMoviesUITests/Pods-TopMovies-TopMoviesUITests-frameworks-${CONFIGURATION}-input-files.xcfilelist",
			);
			name = "[CP] Embed Pods Frameworks";
			outputFileListPaths = (
				"${PODS_ROOT}/Target Support Files/Pods-TopMovies-TopMoviesUITests/Pods-TopMovies-TopMoviesUITests-frameworks-${CONFIGURATION}-output-files.xcfilelist",
			);
			runOnlyForDeploymentPostprocessing = 0;
			shellPath = /bin/sh;
			shellScript = "\"${PODS_ROOT}/Target Support Files/Pods-TopMovies-TopMoviesUITests/Pods-TopMovies-TopMoviesUITests-frameworks.sh\"\n";
			showEnvVarsInLog = 0;
		};
		C303037C90E0D88375C2D903 /* [CP] Embed Pods Frameworks */ = {
			isa = PBXShellScriptBuildPhase;
			buildActionMask = 2147483647;
			files = (
			);
			inputFileListPaths = (
				"${PODS_ROOT}/Target Support Files/Pods-TopMovies/Pods-TopMovies-frameworks-${CONFIGURATION}-input-files.xcfilelist",
			);
			name = "[CP] Embed Pods Frameworks";
			outputFileListPaths = (
				"${PODS_ROOT}/Target Support Files/Pods-TopMovies/Pods-TopMovies-frameworks-${CONFIGURATION}-output-files.xcfilelist",
			);
			runOnlyForDeploymentPostprocessing = 0;
			shellPath = /bin/sh;
			shellScript = "\"${PODS_ROOT}/Target Support Files/Pods-TopMovies/Pods-TopMovies-frameworks.sh\"\n";
			showEnvVarsInLog = 0;
		};
		CF3CB9A9542D3181F9D47513 /* [CP] Check Pods Manifest.lock */ = {
			isa = PBXShellScriptBuildPhase;
			buildActionMask = 2147483647;
			files = (
			);
			inputFileListPaths = (
			);
			inputPaths = (
				"${PODS_PODFILE_DIR_PATH}/Podfile.lock",
				"${PODS_ROOT}/Manifest.lock",
			);
			name = "[CP] Check Pods Manifest.lock";
			outputFileListPaths = (
			);
			outputPaths = (
				"$(DERIVED_FILE_DIR)/Pods-TopMovies-TopMoviesUITests-checkManifestLockResult.txt",
			);
			runOnlyForDeploymentPostprocessing = 0;
			shellPath = /bin/sh;
			shellScript = "diff \"${PODS_PODFILE_DIR_PATH}/Podfile.lock\" \"${PODS_ROOT}/Manifest.lock\" > /dev/null\nif [ $? != 0 ] ; then\n    # print error to STDERR\n    echo \"error: The sandbox is not in sync with the Podfile.lock. Run 'pod install' or update your CocoaPods installation.\" >&2\n    exit 1\nfi\n# This output is used by Xcode 'outputs' to avoid re-running this script phase.\necho \"SUCCESS\" > \"${SCRIPT_OUTPUT_FILE_0}\"\n";
			showEnvVarsInLog = 0;
		};
		DE2976DD7A0C46542852CF18 /* [CP] Check Pods Manifest.lock */ = {
			isa = PBXShellScriptBuildPhase;
			buildActionMask = 2147483647;
			files = (
			);
			inputFileListPaths = (
			);
			inputPaths = (
				"${PODS_PODFILE_DIR_PATH}/Podfile.lock",
				"${PODS_ROOT}/Manifest.lock",
			);
			name = "[CP] Check Pods Manifest.lock";
			outputFileListPaths = (
			);
			outputPaths = (
				"$(DERIVED_FILE_DIR)/Pods-TopMovies-checkManifestLockResult.txt",
			);
			runOnlyForDeploymentPostprocessing = 0;
			shellPath = /bin/sh;
			shellScript = "diff \"${PODS_PODFILE_DIR_PATH}/Podfile.lock\" \"${PODS_ROOT}/Manifest.lock\" > /dev/null\nif [ $? != 0 ] ; then\n    # print error to STDERR\n    echo \"error: The sandbox is not in sync with the Podfile.lock. Run 'pod install' or update your CocoaPods installation.\" >&2\n    exit 1\nfi\n# This output is used by Xcode 'outputs' to avoid re-running this script phase.\necho \"SUCCESS\" > \"${SCRIPT_OUTPUT_FILE_0}\"\n";
			showEnvVarsInLog = 0;
		};
/* End PBXShellScriptBuildPhase section */

/* Begin PBXSourcesBuildPhase section */
		02938CB82C1640DF002BB658 /* Sources */ = {
			isa = PBXSourcesBuildPhase;
			buildActionMask = 2147483647;
			files = (
				02247BAF2C164B5300AD3D65 /* MovieModel.swift in Sources */,
				02247BB52C164DAB00AD3D65 /* MovieContentView.swift in Sources */,
				02247BB22C164B8A00AD3D65 /* MovieViewModel.swift in Sources */,
				02B21E542C176FFA0002C252 /* MovieFilterContentView.swift in Sources */,
				02B21E4E2C1759D40002C252 /* MoviesAPIService.swift in Sources */,
				02938CC22C1640DF002BB658 /* ContentView.swift in Sources */,
				02938CC02C1640DF002BB658 /* TopMoviesApp.swift in Sources */,
				02247BA72C1643CE00AD3D65 /* Constants.swift in Sources */,
			);
			runOnlyForDeploymentPostprocessing = 0;
		};
		02938CC82C1640E1002BB658 /* Sources */ = {
			isa = PBXSourcesBuildPhase;
			buildActionMask = 2147483647;
			files = (
				02247BB02C164B5300AD3D65 /* MovieModel.swift in Sources */,
				02938CD12C1640E1002BB658 /* TopMoviesTests.swift in Sources */,
				02247BB82C164DE000AD3D65 /* MovieContentView.swift in Sources */,
				02247BA82C1643CE00AD3D65 /* Constants.swift in Sources */,
				02247BB32C164B8A00AD3D65 /* MovieViewModel.swift in Sources */,
			);
			runOnlyForDeploymentPostprocessing = 0;
		};
		02938CD22C1640E1002BB658 /* Sources */ = {
			isa = PBXSourcesBuildPhase;
			buildActionMask = 2147483647;
			files = (
				02938CDB2C1640E1002BB658 /* TopMoviesUITests.swift in Sources */,
				02B21E4B2C1757B40002C252 /* MovieContentView.swift in Sources */,
				02938CDD2C1640E1002BB658 /* TopMoviesUITestsLaunchTests.swift in Sources */,
			);
			runOnlyForDeploymentPostprocessing = 0;
		};
/* End PBXSourcesBuildPhase section */

/* Begin PBXTargetDependency section */
		02938CCE2C1640E1002BB658 /* PBXTargetDependency */ = {
			isa = PBXTargetDependency;
			target = 02938CBB2C1640DF002BB658 /* TopMovies */;
			targetProxy = 02938CCD2C1640E1002BB658 /* PBXContainerItemProxy */;
		};
		02938CD82C1640E1002BB658 /* PBXTargetDependency */ = {
			isa = PBXTargetDependency;
			target = 02938CBB2C1640DF002BB658 /* TopMovies */;
			targetProxy = 02938CD72C1640E1002BB658 /* PBXContainerItemProxy */;
		};
/* End PBXTargetDependency section */

/* Begin XCBuildConfiguration section */
		02938CDE2C1640E1002BB658 /* Debug */ = {
			isa = XCBuildConfiguration;
			buildSettings = {
				ALWAYS_SEARCH_USER_PATHS = NO;
				ASSETCATALOG_COMPILER_GENERATE_SWIFT_ASSET_SYMBOL_EXTENSIONS = YES;
				CLANG_ANALYZER_NONNULL = YES;
				CLANG_ANALYZER_NUMBER_OBJECT_CONVERSION = YES_AGGRESSIVE;
				CLANG_CXX_LANGUAGE_STANDARD = "gnu++20";
				CLANG_ENABLE_MODULES = YES;
				CLANG_ENABLE_OBJC_ARC = YES;
				CLANG_ENABLE_OBJC_WEAK = YES;
				CLANG_WARN_BLOCK_CAPTURE_AUTORELEASING = YES;
				CLANG_WARN_BOOL_CONVERSION = YES;
				CLANG_WARN_COMMA = YES;
				CLANG_WARN_CONSTANT_CONVERSION = YES;
				CLANG_WARN_DEPRECATED_OBJC_IMPLEMENTATIONS = YES;
				CLANG_WARN_DIRECT_OBJC_ISA_USAGE = YES_ERROR;
				CLANG_WARN_DOCUMENTATION_COMMENTS = YES;
				CLANG_WARN_EMPTY_BODY = YES;
				CLANG_WARN_ENUM_CONVERSION = YES;
				CLANG_WARN_INFINITE_RECURSION = YES;
				CLANG_WARN_INT_CONVERSION = YES;
				CLANG_WARN_NON_LITERAL_NULL_CONVERSION = YES;
				CLANG_WARN_OBJC_IMPLICIT_RETAIN_SELF = YES;
				CLANG_WARN_OBJC_LITERAL_CONVERSION = YES;
				CLANG_WARN_OBJC_ROOT_CLASS = YES_ERROR;
				CLANG_WARN_QUOTED_INCLUDE_IN_FRAMEWORK_HEADER = YES;
				CLANG_WARN_RANGE_LOOP_ANALYSIS = YES;
				CLANG_WARN_STRICT_PROTOTYPES = YES;
				CLANG_WARN_SUSPICIOUS_MOVE = YES;
				CLANG_WARN_UNGUARDED_AVAILABILITY = YES_AGGRESSIVE;
				CLANG_WARN_UNREACHABLE_CODE = YES;
				CLANG_WARN__DUPLICATE_METHOD_MATCH = YES;
				COPY_PHASE_STRIP = NO;
				DEBUG_INFORMATION_FORMAT = dwarf;
				ENABLE_STRICT_OBJC_MSGSEND = YES;
				ENABLE_TESTABILITY = YES;
				ENABLE_USER_SCRIPT_SANDBOXING = NO;
				GCC_C_LANGUAGE_STANDARD = gnu17;
				GCC_DYNAMIC_NO_PIC = NO;
				GCC_NO_COMMON_BLOCKS = YES;
				GCC_OPTIMIZATION_LEVEL = 0;
				GCC_PREPROCESSOR_DEFINITIONS = (
					"DEBUG=1",
					"$(inherited)",
				);
				GCC_WARN_64_TO_32_BIT_CONVERSION = YES;
				GCC_WARN_ABOUT_RETURN_TYPE = YES_ERROR;
				GCC_WARN_UNDECLARED_SELECTOR = YES;
				GCC_WARN_UNINITIALIZED_AUTOS = YES_AGGRESSIVE;
				GCC_WARN_UNUSED_FUNCTION = YES;
				GCC_WARN_UNUSED_VARIABLE = YES;
				IPHONEOS_DEPLOYMENT_TARGET = 17.0;
				LOCALIZATION_PREFERS_STRING_CATALOGS = YES;
				MTL_ENABLE_DEBUG_INFO = INCLUDE_SOURCE;
				MTL_FAST_MATH = YES;
				ONLY_ACTIVE_ARCH = YES;
				SDKROOT = iphoneos;
				SWIFT_ACTIVE_COMPILATION_CONDITIONS = "DEBUG $(inherited)";
				SWIFT_OPTIMIZATION_LEVEL = "-Onone";
			};
			name = Debug;
		};
		02938CDF2C1640E1002BB658 /* Release */ = {
			isa = XCBuildConfiguration;
			buildSettings = {
				ALWAYS_SEARCH_USER_PATHS = NO;
				ASSETCATALOG_COMPILER_GENERATE_SWIFT_ASSET_SYMBOL_EXTENSIONS = YES;
				CLANG_ANALYZER_NONNULL = YES;
				CLANG_ANALYZER_NUMBER_OBJECT_CONVERSION = YES_AGGRESSIVE;
				CLANG_CXX_LANGUAGE_STANDARD = "gnu++20";
				CLANG_ENABLE_MODULES = YES;
				CLANG_ENABLE_OBJC_ARC = YES;
				CLANG_ENABLE_OBJC_WEAK = YES;
				CLANG_WARN_BLOCK_CAPTURE_AUTORELEASING = YES;
				CLANG_WARN_BOOL_CONVERSION = YES;
				CLANG_WARN_COMMA = YES;
				CLANG_WARN_CONSTANT_CONVERSION = YES;
				CLANG_WARN_DEPRECATED_OBJC_IMPLEMENTATIONS = YES;
				CLANG_WARN_DIRECT_OBJC_ISA_USAGE = YES_ERROR;
				CLANG_WARN_DOCUMENTATION_COMMENTS = YES;
				CLANG_WARN_EMPTY_BODY = YES;
				CLANG_WARN_ENUM_CONVERSION = YES;
				CLANG_WARN_INFINITE_RECURSION = YES;
				CLANG_WARN_INT_CONVERSION = YES;
				CLANG_WARN_NON_LITERAL_NULL_CONVERSION = YES;
				CLANG_WARN_OBJC_IMPLICIT_RETAIN_SELF = YES;
				CLANG_WARN_OBJC_LITERAL_CONVERSION = YES;
				CLANG_WARN_OBJC_ROOT_CLASS = YES_ERROR;
				CLANG_WARN_QUOTED_INCLUDE_IN_FRAMEWORK_HEADER = YES;
				CLANG_WARN_RANGE_LOOP_ANALYSIS = YES;
				CLANG_WARN_STRICT_PROTOTYPES = YES;
				CLANG_WARN_SUSPICIOUS_MOVE = YES;
				CLANG_WARN_UNGUARDED_AVAILABILITY = YES_AGGRESSIVE;
				CLANG_WARN_UNREACHABLE_CODE = YES;
				CLANG_WARN__DUPLICATE_METHOD_MATCH = YES;
				COPY_PHASE_STRIP = NO;
				DEBUG_INFORMATION_FORMAT = "dwarf-with-dsym";
				ENABLE_NS_ASSERTIONS = NO;
				ENABLE_STRICT_OBJC_MSGSEND = YES;
				ENABLE_USER_SCRIPT_SANDBOXING = NO;
				GCC_C_LANGUAGE_STANDARD = gnu17;
				GCC_NO_COMMON_BLOCKS = YES;
				GCC_WARN_64_TO_32_BIT_CONVERSION = YES;
				GCC_WARN_ABOUT_RETURN_TYPE = YES_ERROR;
				GCC_WARN_UNDECLARED_SELECTOR = YES;
				GCC_WARN_UNINITIALIZED_AUTOS = YES_AGGRESSIVE;
				GCC_WARN_UNUSED_FUNCTION = YES;
				GCC_WARN_UNUSED_VARIABLE = YES;
				IPHONEOS_DEPLOYMENT_TARGET = 17.0;
				LOCALIZATION_PREFERS_STRING_CATALOGS = YES;
				MTL_ENABLE_DEBUG_INFO = NO;
				MTL_FAST_MATH = YES;
				SDKROOT = iphoneos;
				SWIFT_COMPILATION_MODE = wholemodule;
				VALIDATE_PRODUCT = YES;
			};
			name = Release;
		};
		02938CE12C1640E1002BB658 /* Debug */ = {
			isa = XCBuildConfiguration;
			baseConfigurationReference = 3A83AC214EF597DA9E3F822D /* Pods-TopMovies.debug.xcconfig */;
			buildSettings = {
				ASSETCATALOG_COMPILER_APPICON_NAME = AppIcon;
				ASSETCATALOG_COMPILER_GLOBAL_ACCENT_COLOR_NAME = AccentColor;
				CODE_SIGN_STYLE = Automatic;
				CURRENT_PROJECT_VERSION = 1;
				DEVELOPMENT_ASSET_PATHS = "\"TopMovies/Preview Content\"";
				DEVELOPMENT_TEAM = 75R4DTJ4GD;
				ENABLE_PREVIEWS = YES;
				ENABLE_USER_SCRIPT_SANDBOXING = NO;
				GENERATE_INFOPLIST_FILE = YES;
				INFOPLIST_KEY_UIApplicationSceneManifest_Generation = YES;
				INFOPLIST_KEY_UIApplicationSupportsIndirectInputEvents = YES;
				INFOPLIST_KEY_UILaunchScreen_Generation = YES;
				INFOPLIST_KEY_UISupportedInterfaceOrientations_iPad = "UIInterfaceOrientationPortrait UIInterfaceOrientationPortraitUpsideDown UIInterfaceOrientationLandscapeLeft UIInterfaceOrientationLandscapeRight";
				INFOPLIST_KEY_UISupportedInterfaceOrientations_iPhone = "UIInterfaceOrientationPortrait UIInterfaceOrientationLandscapeLeft UIInterfaceOrientationLandscapeRight";
				LD_RUNPATH_SEARCH_PATHS = (
					"$(inherited)",
					"@executable_path/Frameworks",
				);
				MARKETING_VERSION = 1.0;
				PRODUCT_BUNDLE_IDENTIFIER = mjsc.TopMovies;
				PRODUCT_NAME = "$(TARGET_NAME)";
				SWIFT_EMIT_LOC_STRINGS = YES;
				SWIFT_VERSION = 5.0;
				TARGETED_DEVICE_FAMILY = "1,2";
			};
			name = Debug;
		};
		02938CE22C1640E1002BB658 /* Release */ = {
			isa = XCBuildConfiguration;
			baseConfigurationReference = 7F30F078708739437690AA5B /* Pods-TopMovies.release.xcconfig */;
			buildSettings = {
				ASSETCATALOG_COMPILER_APPICON_NAME = AppIcon;
				ASSETCATALOG_COMPILER_GLOBAL_ACCENT_COLOR_NAME = AccentColor;
				CODE_SIGN_STYLE = Automatic;
				CURRENT_PROJECT_VERSION = 1;
				DEVELOPMENT_ASSET_PATHS = "\"TopMovies/Preview Content\"";
				DEVELOPMENT_TEAM = 75R4DTJ4GD;
				ENABLE_PREVIEWS = YES;
				ENABLE_USER_SCRIPT_SANDBOXING = NO;
				GENERATE_INFOPLIST_FILE = YES;
				INFOPLIST_KEY_UIApplicationSceneManifest_Generation = YES;
				INFOPLIST_KEY_UIApplicationSupportsIndirectInputEvents = YES;
				INFOPLIST_KEY_UILaunchScreen_Generation = YES;
				INFOPLIST_KEY_UISupportedInterfaceOrientations_iPad = "UIInterfaceOrientationPortrait UIInterfaceOrientationPortraitUpsideDown UIInterfaceOrientationLandscapeLeft UIInterfaceOrientationLandscapeRight";
				INFOPLIST_KEY_UISupportedInterfaceOrientations_iPhone = "UIInterfaceOrientationPortrait UIInterfaceOrientationLandscapeLeft UIInterfaceOrientationLandscapeRight";
				LD_RUNPATH_SEARCH_PATHS = (
					"$(inherited)",
					"@executable_path/Frameworks",
				);
				MARKETING_VERSION = 1.0;
				PRODUCT_BUNDLE_IDENTIFIER = mjsc.TopMovies;
				PRODUCT_NAME = "$(TARGET_NAME)";
				SWIFT_EMIT_LOC_STRINGS = YES;
				SWIFT_VERSION = 5.0;
				TARGETED_DEVICE_FAMILY = "1,2";
			};
			name = Release;
		};
		02938CE42C1640E1002BB658 /* Debug */ = {
			isa = XCBuildConfiguration;
			baseConfigurationReference = EF98304995197BA08CA5CA97 /* Pods-TopMoviesTests.debug.xcconfig */;
			buildSettings = {
				ALWAYS_EMBED_SWIFT_STANDARD_LIBRARIES = YES;
				BUNDLE_LOADER = "$(TEST_HOST)";
				CODE_SIGN_STYLE = Automatic;
				CURRENT_PROJECT_VERSION = 1;
				DEVELOPMENT_TEAM = 75R4DTJ4GD;
				ENABLE_USER_SCRIPT_SANDBOXING = NO;
				GENERATE_INFOPLIST_FILE = YES;
				IPHONEOS_DEPLOYMENT_TARGET = 17.0;
				MARKETING_VERSION = 1.0;
				PRODUCT_BUNDLE_IDENTIFIER = mjsc.TopMoviesTests;
				PRODUCT_NAME = "$(TARGET_NAME)";
				SWIFT_EMIT_LOC_STRINGS = NO;
				SWIFT_VERSION = 5.0;
				TARGETED_DEVICE_FAMILY = "1,2";
				TEST_HOST = "$(BUILT_PRODUCTS_DIR)/TopMovies.app/$(BUNDLE_EXECUTABLE_FOLDER_PATH)/TopMovies";
			};
			name = Debug;
		};
		02938CE52C1640E1002BB658 /* Release */ = {
			isa = XCBuildConfiguration;
			baseConfigurationReference = 704C062919B36B185E1AE7B0 /* Pods-TopMoviesTests.release.xcconfig */;
			buildSettings = {
				ALWAYS_EMBED_SWIFT_STANDARD_LIBRARIES = YES;
				BUNDLE_LOADER = "$(TEST_HOST)";
				CODE_SIGN_STYLE = Automatic;
				CURRENT_PROJECT_VERSION = 1;
				DEVELOPMENT_TEAM = 75R4DTJ4GD;
				ENABLE_USER_SCRIPT_SANDBOXING = NO;
				GENERATE_INFOPLIST_FILE = YES;
				IPHONEOS_DEPLOYMENT_TARGET = 17.0;
				MARKETING_VERSION = 1.0;
				PRODUCT_BUNDLE_IDENTIFIER = mjsc.TopMoviesTests;
				PRODUCT_NAME = "$(TARGET_NAME)";
				SWIFT_EMIT_LOC_STRINGS = NO;
				SWIFT_VERSION = 5.0;
				TARGETED_DEVICE_FAMILY = "1,2";
				TEST_HOST = "$(BUILT_PRODUCTS_DIR)/TopMovies.app/$(BUNDLE_EXECUTABLE_FOLDER_PATH)/TopMovies";
			};
			name = Release;
		};
		02938CE72C1640E1002BB658 /* Debug */ = {
			isa = XCBuildConfiguration;
			baseConfigurationReference = EF0FF5275C80BDE50898FAA3 /* Pods-TopMovies-TopMoviesUITests.debug.xcconfig */;
			buildSettings = {
				ALWAYS_EMBED_SWIFT_STANDARD_LIBRARIES = YES;
				CODE_SIGN_STYLE = Automatic;
				CURRENT_PROJECT_VERSION = 1;
				DEVELOPMENT_TEAM = 75R4DTJ4GD;
				ENABLE_USER_SCRIPT_SANDBOXING = NO;
				GENERATE_INFOPLIST_FILE = YES;
				MARKETING_VERSION = 1.0;
				PRODUCT_BUNDLE_IDENTIFIER = mjsc.TopMoviesUITests;
				PRODUCT_NAME = "$(TARGET_NAME)";
				SWIFT_EMIT_LOC_STRINGS = NO;
				SWIFT_VERSION = 5.0;
				TARGETED_DEVICE_FAMILY = "1,2";
				TEST_TARGET_NAME = TopMovies;
			};
			name = Debug;
		};
		02938CE82C1640E1002BB658 /* Release */ = {
			isa = XCBuildConfiguration;
			baseConfigurationReference = DCC1D469CC1EE4211EE135A9 /* Pods-TopMovies-TopMoviesUITests.release.xcconfig */;
			buildSettings = {
				ALWAYS_EMBED_SWIFT_STANDARD_LIBRARIES = YES;
				CODE_SIGN_STYLE = Automatic;
				CURRENT_PROJECT_VERSION = 1;
				DEVELOPMENT_TEAM = 75R4DTJ4GD;
				ENABLE_USER_SCRIPT_SANDBOXING = NO;
				GENERATE_INFOPLIST_FILE = YES;
				MARKETING_VERSION = 1.0;
				PRODUCT_BUNDLE_IDENTIFIER = mjsc.TopMoviesUITests;
				PRODUCT_NAME = "$(TARGET_NAME)";
				SWIFT_EMIT_LOC_STRINGS = NO;
				SWIFT_VERSION = 5.0;
				TARGETED_DEVICE_FAMILY = "1,2";
				TEST_TARGET_NAME = TopMovies;
			};
			name = Release;
		};
/* End XCBuildConfiguration section */

/* Begin XCConfigurationList section */
		02938CB72C1640DF002BB658 /* Build configuration list for PBXProject "TopMovies" */ = {
			isa = XCConfigurationList;
			buildConfigurations = (
				02938CDE2C1640E1002BB658 /* Debug */,
				02938CDF2C1640E1002BB658 /* Release */,
			);
			defaultConfigurationIsVisible = 0;
			defaultConfigurationName = Release;
		};
		02938CE02C1640E1002BB658 /* Build configuration list for PBXNativeTarget "TopMovies" */ = {
			isa = XCConfigurationList;
			buildConfigurations = (
				02938CE12C1640E1002BB658 /* Debug */,
				02938CE22C1640E1002BB658 /* Release */,
			);
			defaultConfigurationIsVisible = 0;
			defaultConfigurationName = Release;
		};
		02938CE32C1640E1002BB658 /* Build configuration list for PBXNativeTarget "TopMoviesTests" */ = {
			isa = XCConfigurationList;
			buildConfigurations = (
				02938CE42C1640E1002BB658 /* Debug */,
				02938CE52C1640E1002BB658 /* Release */,
			);
			defaultConfigurationIsVisible = 0;
			defaultConfigurationName = Release;
		};
		02938CE62C1640E1002BB658 /* Build configuration list for PBXNativeTarget "TopMoviesUITests" */ = {
			isa = XCConfigurationList;
			buildConfigurations = (
				02938CE72C1640E1002BB658 /* Debug */,
				02938CE82C1640E1002BB658 /* Release */,
			);
			defaultConfigurationIsVisible = 0;
			defaultConfigurationName = Release;
		};
/* End XCConfigurationList section */
	};
	rootObject = 02938CB42C1640DF002BB658 /* Project object */;
}
